
Microsoft Visual Studio Solution File, Format Version 12.00
# Visual Studio Version 17
VisualStudioVersion = 17.5.33414.496
MinimumVisualStudioVersion = 10.0.40219.1
Project("{9A19103F-16F7-4668-BE54-9A1E7A4F7556}") = "TasksToDo", "TasksToDo\TasksToDo.csproj", "{F1699562-CD60-451B-ACB2-77D74365A45F}"
EndProject
Project("{FAE04EC0-301F-11D3-BF4B-00C04F79EFBC}") = "MVCtoConsumeAPI", "MVCtoConsumeAPI\MVCtoConsumeAPI.csproj", "{B1CFB27A-2BEC-4E83-9C63-83526A73546D}"
EndProject
Global
	GlobalSection(SolutionConfigurationPlatforms) = preSolution
		Debug|Any CPU = Debug|Any CPU
		Release|Any CPU = Release|Any CPU
	EndGlobalSection
	GlobalSection(ProjectConfigurationPlatforms) = postSolution
		{F1699562-CD60-451B-ACB2-77D74365A45F}.Debug|Any CPU.ActiveCfg = Debug|Any CPU
		{F1699562-CD60-451B-ACB2-77D74365A45F}.Debug|Any CPU.Build.0 = Debug|Any CPU
		{F1699562-CD60-451B-ACB2-77D74365A45F}.Release|Any CPU.ActiveCfg = Release|Any CPU
		{F1699562-CD60-451B-ACB2-77D74365A45F}.Release|Any CPU.Build.0 = Release|Any CPU
		{B1CFB27A-2BEC-4E83-9C63-83526A73546D}.Debug|Any CPU.ActiveCfg = Debug|Any CPU
		{B1CFB27A-2BEC-4E83-9C63-83526A73546D}.Debug|Any CPU.Build.0 = Debug|Any CPU
		{B1CFB27A-2BEC-4E83-9C63-83526A73546D}.Release|Any CPU.ActiveCfg = Release|Any CPU
		{B1CFB27A-2BEC-4E83-9C63-83526A73546D}.Release|Any CPU.Build.0 = Release|Any CPU
	EndGlobalSection
	GlobalSection(SolutionProperties) = preSolution
		HideSolutionNode = FALSE
	EndGlobalSection
	GlobalSection(ExtensibilityGlobals) = postSolution
		SolutionGuid = {6C7A055B-B243-431A-95E7-66C76E44B9F7}
	EndGlobalSection
EndGlobal
